# Generated by Dagger. Pins the images and git refs this workspace uses.
# Any Dagger command may update this file; always commit it with your changes.
# Run `dagger workspace update` to refresh the pinned versions.
[["version","2"]]
["","git-latest",["github.com/dagger/python-sdk",["tagPrefix","runtime"],["version","v1"]],"refs/tags/v1"]
["","git-latest",["github.com/dagger/python-sdk"],"refs/tags/v1"]
["","git-latest",["github.com/dagger/sdk-helpers",["version","v1"]],"refs/tags/v1.0.4"]
["","git-sha",["github.com/dagger/python-sdk","refs/tags/v1"],"7f4b42743ff861fbe23d76dbd8b063e31f8a5515"]
["","git-sha",["github.com/dagger/sdk-helpers","refs/tags/v1.0.4"],"6c883f657933ecb06ae86d56d9cd1f8785346bb1"]
["","oci-sha",["docker.io/library/golang:1.25-alpine"],"sha256:1ae0735f00daffa3aaf1363a5184c0d2dc55c78e3db4ec70241cdac97bf84b59"]
["","oci-sha",["ghcr.io/astral-sh/uv:python3.14-alpine"],"sha256:bbe56a560f6d11eab0d1294e6c1b04338bdb8b44ac60d471698b24dd685bb2d6"]
["","vanity-url",["https://dagger.io/sdk/helpers"],"https://github.com/dagger/sdk-helpers"]
["","vanity-url",["https://dagger.io/sdk/python"],"https://github.com/dagger/python-sdk"]